{
  "name": "ngx-tiptap-editor",
  "version": "0.0.1",
  "lockfileVersion": 1,
  "requires": true,
  "dependencies": {
    "@tiptap/core": {
      "version": "2.0.0-beta.81",
      "resolved": "https://registry.npmjs.org/@tiptap/core/-/core-2.0.0-beta.81.tgz",
      "integrity": "sha512-Zu2ugpIIEwmjnbyuckNW0LB1B8IzwdkM5/CwredoqdOoqZtjSxRRUlDvKNjwThgQJCRVuIMv1KzuL82euHGFig==",
      "requires": {
        "@types/prosemirror-commands": "^1.0.4",
        "@types/prosemirror-inputrules": "^1.0.4",
        "@types/prosemirror-keymap": "^1.0.4",
        "@types/prosemirror-model": "^1.13.0",
        "@types/prosemirror-schema-list": "^1.0.3",
        "@types/prosemirror-state": "^1.2.6",
        "@types/prosemirror-transform": "^1.1.3",
        "@types/prosemirror-view": "^1.17.1",
        "prosemirror-commands": "^1.1.9",
        "prosemirror-inputrules": "^1.1.3",
        "prosemirror-keymap": "^1.1.3",
        "prosemirror-model": "^1.14.1",
        "prosemirror-schema-list": "^1.1.4",
        "prosemirror-state": "^1.3.4",
        "prosemirror-transform": "^1.3.2",
        "prosemirror-view": "^1.18.7"
      }
    },
    "@tiptap/extension-blockquote": {
      "version": "2.0.0-beta.14",
      "resolved": "https://registry.npmjs.org/@tiptap/extension-blockquote/-/extension-blockquote-2.0.0-beta.14.tgz",
      "integrity": "sha512-1U/mJA1Yncl1Uvdv66oRhWrT7RZC/GdrZrvzU4EHdpRRwW4s71jvDVzqGX2tYwMO70TnwmkqMEWm0Csb1pOhMg==",
      "requires": {
        "prosemirror-inputrules": "^1.1.3"
      }
    },
    "@tiptap/extension-bold": {
      "version": "2.0.0-beta.14",
      "resolved": "https://registry.npmjs.org/@tiptap/extension-bold/-/extension-bold-2.0.0-beta.14.tgz",
      "integrity": "sha512-WhKB3GfXhIDISQE2jYIVYe0aVQCvQRJQZCRFeac7kMxHE2veHWpjqjbp7jSbvTQ7YVZxPZFvezVs+3HWz1K0xg=="
    },
    "@tiptap/extension-bullet-list": {
      "version": "2.0.0-beta.14",
      "resolved": "https://registry.npmjs.org/@tiptap/extension-bullet-list/-/extension-bullet-list-2.0.0-beta.14.tgz",
      "integrity": "sha512-PcyaTNk/aGaXVC98mPAq4TRjXG6dDNb0CAeBqFIo8hLywwwKTaLfLQJNHtm605MSoEo2f8XO6gfQhWgJQQ6qwA==",
      "requires": {
        "prosemirror-inputrules": "^1.1.3"
      }
    },
    "@tiptap/extension-code": {
      "version": "2.0.0-beta.14",
      "resolved": "https://registry.npmjs.org/@tiptap/extension-code/-/extension-code-2.0.0-beta.14.tgz",
      "integrity": "sha512-Z67Ae2BPTAXG8VxHaw2SAS9HjUmfL1fUew5IUdaML8GOSaBYjzIffvN/+0MNdxkBEFxMJu4zm3o/WdWIoUckdQ=="
    },
    "@tiptap/extension-code-block": {
      "version": "2.0.0-beta.16",
      "resolved": "https://registry.npmjs.org/@tiptap/extension-code-block/-/extension-code-block-2.0.0-beta.16.tgz",
      "integrity": "sha512-FgKuobqybmkVidRsOSatgVYEyHldvGPBu7/nr5z131PHMqTe7Z35c4r2ts5DCZRsOoby17Nn4iLAENqtsmyyJQ==",
      "requires": {
        "prosemirror-inputrules": "^1.1.3"
      }
    },
    "@tiptap/extension-document": {
      "version": "2.0.0-beta.12",
      "resolved": "https://registry.npmjs.org/@tiptap/extension-document/-/extension-document-2.0.0-beta.12.tgz",
      "integrity": "sha512-i5anc2n98Jg1gi6WDLTaS76jLIUe41FHuMHgL4DCIDXv8m2q0qnktfmOvh9AMF7cPzJ2NVAR9xYw0Pxm3qXY4w=="
    },
    "@tiptap/extension-dropcursor": {
      "version": "2.0.0-beta.14",
      "resolved": "https://registry.npmjs.org/@tiptap/extension-dropcursor/-/extension-dropcursor-2.0.0-beta.14.tgz",
      "integrity": "sha512-F6sbclgoWPiindx/g1Hxf7jfimne7mrxeCBXvI8xfbcHwTubFhR+nZ+tiIfttcxdM4FNusSsLsDJo7rfE/kiUg==",
      "requires": {
        "@types/prosemirror-dropcursor": "^1.0.1",
        "prosemirror-dropcursor": "^1.3.5"
      }
    },
    "@tiptap/extension-gapcursor": {
      "version": "2.0.0-beta.17",
      "resolved": "https://registry.npmjs.org/@tiptap/extension-gapcursor/-/extension-gapcursor-2.0.0-beta.17.tgz",
      "integrity": "sha512-ItucjmbjpIfjBkoarkekfZ2BB4nsJuBptZc2xWj36zpC9ehQvH3uVcgyRPM/5To2gvj4uj8MmYyxO8Q6/PszAg==",
      "requires": {
        "@types/prosemirror-gapcursor": "^1.0.3",
        "prosemirror-gapcursor": "^1.1.5"
      }
    },
    "@tiptap/extension-hard-break": {
      "version": "2.0.0-beta.14",
      "resolved": "https://registry.npmjs.org/@tiptap/extension-hard-break/-/extension-hard-break-2.0.0-beta.14.tgz",
      "integrity": "sha512-PbGQJGvgYdsEzeHidlodVCaOkcPaib4A7i0MJlXIyzUnBz8Eiv5+Ks2UBG5JgfBB4GGopatZaLfz8VkG3qfGxw=="
    },
    "@tiptap/extension-heading": {
      "version": "2.0.0-beta.14",
      "resolved": "https://registry.npmjs.org/@tiptap/extension-heading/-/extension-heading-2.0.0-beta.14.tgz",
      "integrity": "sha512-ezJRM5ikZK5bmzYCsvq6xCw1KlellSwHcmAVJsupHk3aPD3UF2IEXnKQYbtDjGN62sB2KwnNy6gKFJ5v48gpxA==",
      "requires": {
        "prosemirror-inputrules": "^1.1.3"
      }
    },
    "@tiptap/extension-history": {
      "version": "2.0.0-beta.13",
      "resolved": "https://registry.npmjs.org/@tiptap/extension-history/-/extension-history-2.0.0-beta.13.tgz",
      "integrity": "sha512-5btrwGkgdBXmSRCi7JLtigw5xC7VJQKljMomZjUR0yWV50EEHirCrKAAdjvZbfsFDP9eqO/WV9VxuI3tqqG+IQ==",
      "requires": {
        "@types/prosemirror-history": "^1.0.2",
        "prosemirror-history": "^1.1.3"
      }
    },
    "@tiptap/extension-horizontal-rule": {
      "version": "2.0.0-beta.17",
      "resolved": "https://registry.npmjs.org/@tiptap/extension-horizontal-rule/-/extension-horizontal-rule-2.0.0-beta.17.tgz",
      "integrity": "sha512-JDjwRSEWFTgdx0ob4zKjfzKcRxkiQTyPEGEZ2uIcTeXTPD0B0j2ysuWIWnqgwtpFdYfv1wOCU59kNLQx+a5JmA==",
      "requires": {
        "prosemirror-state": "^1.3.4"
      }
    },
    "@tiptap/extension-italic": {
      "version": "2.0.0-beta.14",
      "resolved": "https://registry.npmjs.org/@tiptap/extension-italic/-/extension-italic-2.0.0-beta.14.tgz",
      "integrity": "sha512-kDdHVHfHuQe3s0A+xrJm0OTE3MrCRWDFHiJ+rC5JnY3/b8GEzovOD6cslz6CeVSZAUDERmHKVPF+ioAct7HXtw=="
    },
    "@tiptap/extension-list-item": {
      "version": "2.0.0-beta.13",
      "resolved": "https://registry.npmjs.org/@tiptap/extension-list-item/-/extension-list-item-2.0.0-beta.13.tgz",
      "integrity": "sha512-5nvrCvcV35J6WjLd8xQCQWnj2HIDsfTalr0D57jMwym3ZCIEvLwf23DQQ1nNsOHhopmS/Emixh+RQpXUZjH8lQ=="
    },
    "@tiptap/extension-ordered-list": {
      "version": "2.0.0-beta.14",
      "resolved": "https://registry.npmjs.org/@tiptap/extension-ordered-list/-/extension-ordered-list-2.0.0-beta.14.tgz",
      "integrity": "sha512-7Tq8jotj7WSUIRlMhNWCv6u99Yu+lyuI8SLx7hRZbmUiGShCQX1J5YI+dti4qlrlhOjjqs1kV95Dgg0JaBtNQw==",
      "requires": {
        "prosemirror-inputrules": "^1.1.3"
      }
    },
    "@tiptap/extension-paragraph": {
      "version": "2.0.0-beta.15",
      "resolved": "https://registry.npmjs.org/@tiptap/extension-paragraph/-/extension-paragraph-2.0.0-beta.15.tgz",
      "integrity": "sha512-mYGjo85oyLVwgWc8+XZ0cvr5GSHSKvkj5t2t1PyHXDmt6Nhl5cJcHgXDztIUhyh0gbRVFKjwQMeUAZWg6DGxMg=="
    },
    "@tiptap/extension-strike": {
      "version": "2.0.0-beta.16",
      "resolved": "https://registry.npmjs.org/@tiptap/extension-strike/-/extension-strike-2.0.0-beta.16.tgz",
      "integrity": "sha512-SPSCUVzxFLKZzgMXYfeUZE+xy52CJckswo0dZ/8NcUthl3mkDS/TwzokpQ/wsyEsKaJNYt8vh2S9HpadSrLcug=="
    },
    "@tiptap/extension-text": {
      "version": "2.0.0-beta.12",
      "resolved": "https://registry.npmjs.org/@tiptap/extension-text/-/extension-text-2.0.0-beta.12.tgz",
      "integrity": "sha512-JEWLYOJKSpmpaI0YTzj30uodpsrSYDGSvy5dT5bYvWovIvLmggKPHl0iKIPDWAM5xfd07CkP2+BFFRblMh96IA=="
    },
    "@tiptap/extension-underline": {
      "version": "2.0.0-beta.15",
      "resolved": "https://registry.npmjs.org/@tiptap/extension-underline/-/extension-underline-2.0.0-beta.15.tgz",
      "integrity": "sha512-xrdNYXBuDaiKBByAuJ8Z9g+1w4I1pp8Id6ZbhxnljiTIwtX6SD/Pp4z/4dKhXNSpHvipyaFEXY0CVpxzbSEk5w=="
    },
    "@tiptap/starter-kit": {
      "version": "2.0.0-beta.77",
      "resolved": "https://registry.npmjs.org/@tiptap/starter-kit/-/starter-kit-2.0.0-beta.77.tgz",
      "integrity": "sha512-yrNVj4pU9VmkD9nBVQkODbWwORHHGrTtA40CXtfyN+9vdMp8jORqCr7VMIYf0CJ9G4UWMmSfeuXPOWWeJFUS2A==",
      "requires": {
        "@tiptap/core": "^2.0.0-beta.81",
        "@tiptap/extension-blockquote": "^2.0.0-beta.14",
        "@tiptap/extension-bold": "^2.0.0-beta.14",
        "@tiptap/extension-bullet-list": "^2.0.0-beta.14",
        "@tiptap/extension-code": "^2.0.0-beta.14",
        "@tiptap/extension-code-block": "^2.0.0-beta.16",
        "@tiptap/extension-document": "^2.0.0-beta.12",
        "@tiptap/extension-dropcursor": "^2.0.0-beta.14",
        "@tiptap/extension-gapcursor": "^2.0.0-beta.17",
        "@tiptap/extension-hard-break": "^2.0.0-beta.14",
        "@tiptap/extension-heading": "^2.0.0-beta.14",
        "@tiptap/extension-history": "^2.0.0-beta.13",
        "@tiptap/extension-horizontal-rule": "^2.0.0-beta.17",
        "@tiptap/extension-italic": "^2.0.0-beta.14",
        "@tiptap/extension-list-item": "^2.0.0-beta.13",
        "@tiptap/extension-ordered-list": "^2.0.0-beta.14",
        "@tiptap/extension-paragraph": "^2.0.0-beta.15",
        "@tiptap/extension-strike": "^2.0.0-beta.16",
        "@tiptap/extension-text": "^2.0.0-beta.12"
      }
    },
    "@types/orderedmap": {
      "version": "1.0.0",
      "resolved": "https://registry.npmjs.org/@types/orderedmap/-/orderedmap-1.0.0.tgz",
      "integrity": "sha512-dxKo80TqYx3YtBipHwA/SdFmMMyLCnP+5mkEqN0eMjcTBzHkiiX0ES118DsjDBjvD+zeSsSU9jULTZ+frog+Gw=="
    },
    "@types/prosemirror-commands": {
      "version": "1.0.4",
      "resolved": "https://registry.npmjs.org/@types/prosemirror-commands/-/prosemirror-commands-1.0.4.tgz",
      "integrity": "sha512-utDNYB3EXLjAfYIcRWJe6pn3kcQ5kG4RijbT/0Y/TFOm6yhvYS/D9eJVnijdg9LDjykapcezchxGRqFD5LcyaQ==",
      "requires": {
        "@types/prosemirror-model": "*",
        "@types/prosemirror-state": "*",
        "@types/prosemirror-view": "*"
      }
    },
    "@types/prosemirror-dropcursor": {
      "version": "1.0.1",
      "resolved": "https://registry.npmjs.org/@types/prosemirror-dropcursor/-/prosemirror-dropcursor-1.0.1.tgz",
      "integrity": "sha512-nHokhFypOZjknolZBm2XShlR7fx1IUcCiA3S2fBwmAraWu6zv3gboDSwwFpoS9UB2xKc4ismAmBxh2bpL3YNkg==",
      "requires": {
        "@types/prosemirror-state": "*"
      }
    },
    "@types/prosemirror-gapcursor": {
      "version": "1.0.3",
      "resolved": "https://registry.npmjs.org/@types/prosemirror-gapcursor/-/prosemirror-gapcursor-1.0.3.tgz",
      "integrity": "sha512-kBVjjbMmUk7ZsgpI1NOyY15makulu1skEGr+V9GgY7GQnT9vqjo8/XiNSgSj9s9vRTsTb/KAaTI9KJwWlhbhxQ==",
      "requires": {
        "@types/prosemirror-model": "*",
        "@types/prosemirror-state": "*"
      }
    },
    "@types/prosemirror-history": {
      "version": "1.0.2",
      "resolved": "https://registry.npmjs.org/@types/prosemirror-history/-/prosemirror-history-1.0.2.tgz",
      "integrity": "sha512-AcfpWo+HkIuvq/H2zYjIMi2jxa2GWfYaTNiFTB2sigjkpWNM93CIlb7Cimy/4vNH8lVPp0GwLBjYIMRX6zOUyA==",
      "requires": {
        "@types/prosemirror-model": "*",
        "@types/prosemirror-state": "*"
      }
    },
    "@types/prosemirror-inputrules": {
      "version": "1.0.4",
      "resolved": "https://registry.npmjs.org/@types/prosemirror-inputrules/-/prosemirror-inputrules-1.0.4.tgz",
      "integrity": "sha512-lJIMpOjO47SYozQybUkpV6QmfuQt7GZKHtVrvS+mR5UekA8NMC5HRIVMyaIauJLWhKU6oaNjpVaXdw41kh165g==",
      "requires": {
        "@types/prosemirror-model": "*",
        "@types/prosemirror-state": "*"
      }
    },
    "@types/prosemirror-keymap": {
      "version": "1.0.4",
      "resolved": "https://registry.npmjs.org/@types/prosemirror-keymap/-/prosemirror-keymap-1.0.4.tgz",
      "integrity": "sha512-ycevwkqUh+jEQtPwqO7sWGcm+Sybmhu8MpBsM8DlO3+YTKnXbKA6SDz/+q14q1wK3UA8lHJyfR+v+GPxfUSemg==",
      "requires": {
        "@types/prosemirror-commands": "*",
        "@types/prosemirror-model": "*",
        "@types/prosemirror-state": "*",
        "@types/prosemirror-view": "*"
      }
    },
    "@types/prosemirror-model": {
      "version": "1.13.0",
      "resolved": "https://registry.npmjs.org/@types/prosemirror-model/-/prosemirror-model-1.13.0.tgz",
      "integrity": "sha512-EIUr2R38Zh9n1eA8BQ1C3NX/XLV9U44DhNVk8x3Sth2RW+wa7jNA82XHMPOoapsOTfmpnh32xaHBOzREiBqdPQ==",
      "requires": {
        "@types/orderedmap": "*"
      }
    },
    "@types/prosemirror-schema-list": {
      "version": "1.0.3",
      "resolved": "https://registry.npmjs.org/@types/prosemirror-schema-list/-/prosemirror-schema-list-1.0.3.tgz",
      "integrity": "sha512-uWybOf+M2Ea7rlbs0yLsS4YJYNGXYtn4N+w8HCw3Vvfl6wBAROzlMt0gV/D/VW/7J/LlAjwMezuGe8xi24HzXA==",
      "requires": {
        "@types/orderedmap": "*",
        "@types/prosemirror-model": "*",
        "@types/prosemirror-state": "*"
      }
    },
    "@types/prosemirror-state": {
      "version": "1.2.6",
      "resolved": "https://registry.npmjs.org/@types/prosemirror-state/-/prosemirror-state-1.2.6.tgz",
      "integrity": "sha512-tJo0wC+/cQvbrPDVx01Fnng9Fs41bAMVxgJY1KLOyIsUPN0otUN1KdoQurLMmHNHTvIna9ZXxjZD//xJKLYfJw==",
      "requires": {
        "@types/prosemirror-model": "*",
        "@types/prosemirror-transform": "*",
        "@types/prosemirror-view": "*"
      }
    },
    "@types/prosemirror-transform": {
      "version": "1.1.3",
      "resolved": "https://registry.npmjs.org/@types/prosemirror-transform/-/prosemirror-transform-1.1.3.tgz",
      "integrity": "sha512-qtnd4jMoBgUAF2Vy2uRCVY4/LN3d069PP9XTIKrfk7mwWPYKonBYv1NsaBGTpK26sOPu0p7eJNZwaiNYmbfIwA==",
      "requires": {
        "@types/prosemirror-model": "*"
      }
    },
    "@types/prosemirror-view": {
      "version": "1.17.1",
      "resolved": "https://registry.npmjs.org/@types/prosemirror-view/-/prosemirror-view-1.17.1.tgz",
      "integrity": "sha512-PNiGGc6BffxHQzMR09UUilsBR8xFPDsKiPIXb4K/g56voPIvqq1pqySnWFfSR50Vo4ZL0tss3VBLWiiiKzVahQ==",
      "requires": {
        "@types/prosemirror-model": "*",
        "@types/prosemirror-state": "*",
        "@types/prosemirror-transform": "*"
      }
    },
    "orderedmap": {
      "version": "1.1.1",
      "resolved": "https://registry.npmjs.org/orderedmap/-/orderedmap-1.1.1.tgz",
      "integrity": "sha512-3Ux8um0zXbVacKUkcytc0u3HgC0b0bBLT+I60r2J/En72cI0nZffqrA7Xtf2Hqs27j1g82llR5Mhbd0Z1XW4AQ=="
    },
    "prosemirror-commands": {
      "version": "1.1.9",
      "resolved": "https://registry.npmjs.org/prosemirror-commands/-/prosemirror-commands-1.1.9.tgz",
      "integrity": "sha512-zedlbQ+8QK0tIeibb6vbnAX5FO/S5x67xHgF57Fned+3G6RZY3JAGma9kC1jSCmLF/XC7MCZ90oekb0qo2b+Pw==",
      "requires": {
        "prosemirror-model": "^1.0.0",
        "prosemirror-state": "^1.0.0",
        "prosemirror-transform": "^1.0.0"
      }
    },
    "prosemirror-dropcursor": {
      "version": "1.3.5",
      "resolved": "https://registry.npmjs.org/prosemirror-dropcursor/-/prosemirror-dropcursor-1.3.5.tgz",
      "integrity": "sha512-tNUwcF2lPAkwKBZPZRtbxpwljnODRNZ3eiYloN1DSUqDjMT1nBZm0nejaEMS1TvNQ+3amibUSAiV4hX+jpASFA==",
      "requires": {
        "prosemirror-state": "^1.0.0",
        "prosemirror-transform": "^1.1.0",
        "prosemirror-view": "^1.1.0"
      }
    },
    "prosemirror-gapcursor": {
      "version": "1.1.5",
      "resolved": "https://registry.npmjs.org/prosemirror-gapcursor/-/prosemirror-gapcursor-1.1.5.tgz",
      "integrity": "sha512-SjbUZq5pgsBDuV3hu8GqgIpZR5eZvGLM+gPQTqjVVYSMUCfKW3EGXTEYaLHEl1bGduwqNC95O3bZflgtAb4L6w==",
      "requires": {
        "prosemirror-keymap": "^1.0.0",
        "prosemirror-model": "^1.0.0",
        "prosemirror-state": "^1.0.0",
        "prosemirror-view": "^1.0.0"
      }
    },
    "prosemirror-history": {
      "version": "1.1.3",
      "resolved": "https://registry.npmjs.org/prosemirror-history/-/prosemirror-history-1.1.3.tgz",
      "integrity": "sha512-zGDotijea+vnfnyyUGyiy1wfOQhf0B/b6zYcCouBV8yo6JmrE9X23M5q7Nf/nATywEZbgRLG70R4DmfSTC+gfg==",
      "requires": {
        "prosemirror-state": "^1.2.2",
        "prosemirror-transform": "^1.0.0",
        "rope-sequence": "^1.3.0"
      }
    },
    "prosemirror-inputrules": {
      "version": "1.1.3",
      "resolved": "https://registry.npmjs.org/prosemirror-inputrules/-/prosemirror-inputrules-1.1.3.tgz",
      "integrity": "sha512-ZaHCLyBtvbyIHv0f5p6boQTIJjlD6o2NPZiEaZWT2DA+j591zS29QQEMT4lBqwcLW3qRSf7ZvoKNbf05YrsStw==",
      "requires": {
        "prosemirror-state": "^1.0.0",
        "prosemirror-transform": "^1.0.0"
      }
    },
    "prosemirror-keymap": {
      "version": "1.1.4",
      "resolved": "https://registry.npmjs.org/prosemirror-keymap/-/prosemirror-keymap-1.1.4.tgz",
      "integrity": "sha512-Al8cVUOnDFL4gcI5IDlG6xbZ0aOD/i3B17VT+1JbHWDguCgt/lBHVTHUBcKvvbSg6+q/W4Nj1Fu6bwZSca3xjg==",
      "requires": {
        "prosemirror-state": "^1.0.0",
        "w3c-keyname": "^2.2.0"
      }
    },
    "prosemirror-model": {
      "version": "1.14.1",
      "resolved": "https://registry.npmjs.org/prosemirror-model/-/prosemirror-model-1.14.1.tgz",
      "integrity": "sha512-vZcbI+24VloFefKZkDnMaEpipL/vSKKPdFiik4KOnTzq3e6AO7+CAOixZ2G/SsfRaYC965XvnOIEbhIQdgki7w==",
      "requires": {
        "orderedmap": "^1.1.0"
      }
    },
    "prosemirror-schema-list": {
      "version": "1.1.4",
      "resolved": "https://registry.npmjs.org/prosemirror-schema-list/-/prosemirror-schema-list-1.1.4.tgz",
      "integrity": "sha512-pNTuZflacFOBlxrTcWSdWhjoB8BaucwfJVp/gJNxztOwaN3wQiC65axclXyplf6TKgXD/EkWfS/QAov3/Znadw==",
      "requires": {
        "prosemirror-model": "^1.0.0",
        "prosemirror-transform": "^1.0.0"
      }
    },
    "prosemirror-state": {
      "version": "1.3.4",
      "resolved": "https://registry.npmjs.org/prosemirror-state/-/prosemirror-state-1.3.4.tgz",
      "integrity": "sha512-Xkkrpd1y/TQ6HKzN3agsQIGRcLckUMA9u3j207L04mt8ToRgpGeyhbVv0HI7omDORIBHjR29b7AwlATFFf2GLA==",
      "requires": {
        "prosemirror-model": "^1.0.0",
        "prosemirror-transform": "^1.0.0"
      }
    },
    "prosemirror-transform": {
      "version": "1.3.2",
      "resolved": "https://registry.npmjs.org/prosemirror-transform/-/prosemirror-transform-1.3.2.tgz",
      "integrity": "sha512-/G6d/u9Mf6Bv3H1XR8VxhpjmUO75LYmnvj+s3ZfZpakU1hnQbsvCEybml1B3f2IWUAAQRFkbO1PnsbFhLZsYsw==",
      "requires": {
        "prosemirror-model": "^1.0.0"
      }
    },
    "prosemirror-view": {
      "version": "1.18.7",
      "resolved": "https://registry.npmjs.org/prosemirror-view/-/prosemirror-view-1.18.7.tgz",
      "integrity": "sha512-pUCxoyuWnbVfJ/ukhQ+7+bfDMArG3wu6hHnnTFi61C7Teb5OILUhkkhEhF2/RsppBFWrkwsNcf8rQm8SSoSKRg==",
      "requires": {
        "prosemirror-model": "^1.1.0",
        "prosemirror-state": "^1.0.0",
        "prosemirror-transform": "^1.1.0"
      }
    },
    "rope-sequence": {
      "version": "1.3.2",
      "resolved": "https://registry.npmjs.org/rope-sequence/-/rope-sequence-1.3.2.tgz",
      "integrity": "sha512-ku6MFrwEVSVmXLvy3dYph3LAMNS0890K7fabn+0YIRQ2T96T9F4gkFf0vf0WW0JUraNWwGRtInEpH7yO4tbQZg=="
    },
    "tslib": {
      "version": "2.2.0",
      "resolved": "https://registry.npmjs.org/tslib/-/tslib-2.2.0.tgz",
      "integrity": "sha512-gS9GVHRU+RGn5KQM2rllAlR3dU6m7AcpJKdtH8gFvQiC4Otgk98XnmMU+nZenHt/+VhnBPWwgrJsyrdcw6i23w=="
    },
    "w3c-keyname": {
      "version": "2.2.4",
      "resolved": "https://registry.npmjs.org/w3c-keyname/-/w3c-keyname-2.2.4.tgz",
      "integrity": "sha512-tOhfEwEzFLJzf6d1ZPkYfGj+FWhIpBux9ppoP3rlclw3Z0BZv3N7b7030Z1kYth+6rDuAsXUFr+d0VE6Ed1ikw=="
    }
  }
}
